
Microsoft Visual Studio Solution File, Format Version 12.00
# Visual Studio Version 17
VisualStudioVersion = 17.8.34330.188
MinimumVisualStudioVersion = 10.0.40219.1
Project("{FAE04EC0-301F-11D3-BF4B-00C04F79EFBC}") = "week4-homework", "week4-homework\week4-homework.csproj", "{7D2B5772-3A58-45AA-81A0-12926AB3641F}"
EndProject
Global
	GlobalSection(SolutionConfigurationPlatforms) = preSolution
		Debug|Any CPU = Debug|Any CPU
		Release|Any CPU = Release|Any CPU
	EndGlobalSection
	GlobalSection(ProjectConfigurationPlatforms) = postSolution
		{7D2B5772-3A58-45AA-81A0-12926AB3641F}.Debug|Any CPU.ActiveCfg = Debug|Any CPU
		{7D2B5772-3A58-45AA-81A0-12926AB3641F}.Debug|Any CPU.Build.0 = Debug|Any CPU
		{7D2B5772-3A58-45AA-81A0-12926AB3641F}.Release|Any CPU.ActiveCfg = Release|Any CPU
		{7D2B5772-3A58-45AA-81A0-12926AB3641F}.Release|Any CPU.Build.0 = Release|Any CPU
	EndGlobalSection
	GlobalSection(SolutionProperties) = preSolution
		HideSolutionNode = FALSE
	EndGlobalSection
	GlobalSection(ExtensibilityGlobals) = postSolution
		SolutionGuid = {60F2E781-B9E2-44B2-A6E7-FE0CB55141DF}
	EndGlobalSection
EndGlobal
